
Microsoft Visual Studio Solution File, Format Version 12.00
# Visual Studio Version 17
VisualStudioVersion = 17.7.34031.279
MinimumVisualStudioVersion = 10.0.40219.1
Project("{9A19103F-16F7-4668-BE54-9A1E7A4F7556}") = "Api", "Api\Api.csproj", "{5EA283C2-6316-4A91-B047-B9F62B9D017B}"
EndProject
Project("{FAE04EC0-301F-11D3-BF4B-00C04F79EFBC}") = "Api.Tests", "Api.Tests\Api.Tests.csproj", "{2C09617E-B715-4199-B10F-85A6D4BECB0E}"
EndProject
Global
	GlobalSection(SolutionConfigurationPlatforms) = preSolution
		Debug|Any CPU = Debug|Any CPU
		Release|Any CPU = Release|Any CPU
	EndGlobalSection
	GlobalSection(ProjectConfigurationPlatforms) = postSolution
		{5EA283C2-6316-4A91-B047-B9F62B9D017B}.Debug|Any CPU.ActiveCfg = Debug|Any CPU
		{5EA283C2-6316-4A91-B047-B9F62B9D017B}.Debug|Any CPU.Build.0 = Debug|Any CPU
		{5EA283C2-6316-4A91-B047-B9F62B9D017B}.Release|Any CPU.ActiveCfg = Release|Any CPU
		{5EA283C2-6316-4A91-B047-B9F62B9D017B}.Release|Any CPU.Build.0 = Release|Any CPU
		{2C09617E-B715-4199-B10F-85A6D4BECB0E}.Debug|Any CPU.ActiveCfg = Debug|Any CPU
		{2C09617E-B715-4199-B10F-85A6D4BECB0E}.Debug|Any CPU.Build.0 = Debug|Any CPU
		{2C09617E-B715-4199-B10F-85A6D4BECB0E}.Release|Any CPU.ActiveCfg = Release|Any CPU
		{2C09617E-B715-4199-B10F-85A6D4BECB0E}.Release|Any CPU.Build.0 = Release|Any CPU
	EndGlobalSection
	GlobalSection(SolutionProperties) = preSolution
		HideSolutionNode = FALSE
	EndGlobalSection
	GlobalSection(ExtensibilityGlobals) = postSolution
		SolutionGuid = {3C06B269-0692-4AA7-BD0A-11320FB8897D}
	EndGlobalSection
EndGlobal
